<?xml version="1.0" encoding="utf-8"?>
<Project ToolsVersion="4.0" xmlns="http://schemas.microsoft.com/developer/msbuild/2003">
  <ItemGroup>
    <Filter Include="Source Files">
      <UniqueIdentifier>{4508a0b5-668a-4657-a320-d9d9d289f88b}</UniqueIdentifier>
      <Extensions>cpp;c;cxx;def;odl;idl;hpj;bat;asm</Extensions>
    </Filter>
    <Filter Include="Header Files">
      <UniqueIdentifier>{b560f734-6525-46fe-b252-1d9870429b28}</UniqueIdentifier>
      <Extensions>h;hpp;hxx;hm;inl;inc</Extensions>
    </Filter>
    <Filter Include="Resource Files">
      <UniqueIdentifier>{ce9285a3-b211-43e6-87e5-cfec4ddfbd4a}</UniqueIdentifier>
      <Extensions>rc;ico;cur;bmp;dlg;rc2;rct;bin;rgs;jpg;jpeg;jpe;manifest</Extensions>
    </Filter>
  </ItemGroup>
  <ItemGroup>
    <ClCompile Include="ChatDialog.cpp">
      <Filter>Source Files</Filter>
    </ClCompile>
    <ClCompile Include="ConnectDlg.cpp">
      <Filter>Source Files</Filter>
    </ClCompile>
    <ClCompile Include="MainFrm.cpp">
      <Filter>Source Files</Filter>
    </ClCompile>
    <ClCompile Include="Msg.cpp">
      <Filter>Source Files</Filter>
    </ClCompile>
    <ClCompile Include="SatrancH.cpp">
      <Filter>Source Files</Filter>
    </ClCompile>
    <ClCompile Include="SatrancHDoc.cpp">
      <Filter>Source Files</Filter>
    </ClCompile>
    <ClCompile Include="SatrancHSoc.cpp">
      <Filter>Source Files</Filter>
    </ClCompile>
    <ClCompile Include="SatrancHView.cpp">
      <Filter>Source Files</Filter>
    </ClCompile>
    <ClCompile Include="stdafx.cpp">
      <Filter>Source Files</Filter>
    </ClCompile>
  </ItemGroup>
  <ItemGroup>
    <ClInclude Include="ChatDialog.h">
      <Filter>Header Files</Filter>
    </ClInclude>
    <ClInclude Include="ConnectDlg.h">
      <Filter>Header Files</Filter>
    </ClInclude>
    <ClInclude Include="MainFrm.h">
      <Filter>Header Files</Filter>
    </ClInclude>
    <ClInclude Include="Msg.h">
      <Filter>Header Files</Filter>
    </ClInclude>
    <ClInclude Include="Resource.h">
      <Filter>Header Files</Filter>
    </ClInclude>
    <ClInclude Include="SatrancH.h">
      <Filter>Header Files</Filter>
    </ClInclude>
    <ClInclude Include="SatrancHDoc.h">
      <Filter>Header Files</Filter>
    </ClInclude>
    <ClInclude Include="SatrancHSoc.h">
      <Filter>Header Files</Filter>
    </ClInclude>
    <ClInclude Include="SatrancHView.h">
      <Filter>Header Files</Filter>
    </ClInclude>
    <ClInclude Include="stdafx.h">
      <Filter>Header Files</Filter>
    </ClInclude>
  </ItemGroup>
  <ItemGroup>
    <None Include="res\BACKUPPIECES9-mask.bmp">
      <Filter>Resource Files</Filter>
    </None>
    <None Include="res\hvlsn.bmp">
      <Filter>Resource Files</Filter>
    </None>
    <None Include="res\PIECES9.BMP">
      <Filter>Resource Files</Filter>
    </None>
    <None Include="res\SatrancH.ico">
      <Filter>Resource Files</Filter>
    </None>
    <None Include="res\SatrancH.rc2">
      <Filter>Resource Files</Filter>
    </None>
    <None Include="res\SatrancHDoc.ico">
      <Filter>Resource Files</Filter>
    </None>
    <None Include="res\Toolbar.bmp">
      <Filter>Resource Files</Filter>
    </None>
    <None Include="ReadMe.txt" />
    <None Include="SatrancH.reg" />
    <None Include="readme.md" />
  </ItemGroup>
  <ItemGroup>
    <ResourceCompile Include="SatrancH.rc">
      <Filter>Resource Files</Filter>
    </ResourceCompile>
  </ItemGroup>
  <ItemGroup>
    <CustomBuild Include="res\SatrancH.manifest">
      <Filter>Resource Files</Filter>
    </CustomBuild>
  </ItemGroup>
</Project>