Microsoft Visual Studio Solution File, Format Version 12.00
# Visual Studio 15
VisualStudioVersion = 15.0.28307.1500
MinimumVisualStudioVersion = 10.0.40219.1
Project("{2150E333-8FDC-42A3-9474-1A3956D46DE8}") = "Solution Items", "Solution Items", "{4BEEFD2B-4ACE-4F4F-B673-78605F52E1CE}"
	ProjectSection(SolutionItems) = preProject
		SatrancH.vsd = SatrancH.vsd
	EndProjectSection
EndProject
Project("{8BC9CEB8-8B4A-11D0-8D11-00A0C91BC942}") = "SatrancH", "SatrancH.vcxproj", "{23D8DB37-F80C-4B18-8858-1B10B1041DE8}"
EndProject
Global
	GlobalSection(SolutionConfigurationPlatforms) = preSolution
		Debug|Win32 = Debug|Win32
		Release|Win32 = Release|Win32
	EndGlobalSection
	GlobalSection(ProjectConfigurationPlatforms) = postSolution
		{23D8DB37-F80C-4B18-8858-1B10B1041DE8}.Debug|Win32.ActiveCfg = Debug|Win32
		{23D8DB37-F80C-4B18-8858-1B10B1041DE8}.Debug|Win32.Build.0 = Debug|Win32
		{23D8DB37-F80C-4B18-8858-1B10B1041DE8}.Release|Win32.ActiveCfg = Release|Win32
		{23D8DB37-F80C-4B18-8858-1B10B1041DE8}.Release|Win32.Build.0 = Release|Win32
	EndGlobalSection
	GlobalSection(SolutionProperties) = preSolution
		HideSolutionNode = FALSE
	EndGlobalSection
	GlobalSection(ExtensibilityGlobals) = postSolution
		SolutionGuid = {C16AAABC-3A3A-4374-B3F9-090F8B4F7948}
	EndGlobalSection
EndGlobal
